
Microsoft Visual Studio Solution File, Format Version 12.00
Project("{FAE04EC0-301F-11D3-BF4B-00C04F79EFBC}") = "EStore", "EStore\EStore.csproj", "{EAEB9FE1-42D3-478B-ADF7-FD6E7E3D87ED}"
EndProject
Project("{2150E333-8FDC-42A3-9474-1A3956D46DE8}") = "src", "src", "{55D7EBD4-1CDF-4302-AEFB-B6C98106A6F0}"
EndProject
Project("{2150E333-8FDC-42A3-9474-1A3956D46DE8}") = "tests", "tests", "{9F74E02A-3194-4E1A-A406-290C0A524689}"
EndProject
Project("{FAE04EC0-301F-11D3-BF4B-00C04F79EFBC}") = "Domain", "Domain\Domain.csproj", "{A0142396-9B92-4B34-96EE-276A2BD37CD1}"
EndProject
Project("{FAE04EC0-301F-11D3-BF4B-00C04F79EFBC}") = "Application", "Application\Application.csproj", "{9DA8E050-5204-4836-9B37-A3858FF448E3}"
EndProject
Project("{2150E333-8FDC-42A3-9474-1A3956D46DE8}") = "Core", "Core", "{6701D851-2147-41EC-B8CE-B32F99A9C81B}"
EndProject
Project("{2150E333-8FDC-42A3-9474-1A3956D46DE8}") = "Infrastructure", "Infrastructure", "{F31991F8-9276-4504-B5F3-8CB09C33F864}"
EndProject
Project("{FAE04EC0-301F-11D3-BF4B-00C04F79EFBC}") = "Persistence", "Persistence\Persistence.csproj", "{5D0A790C-EB5E-4E35-80E2-BA1CA6A6271F}"
EndProject
Project("{FAE04EC0-301F-11D3-BF4B-00C04F79EFBC}") = "Application.Integration.Tests", "Application.Integration.Tests\Application.Integration.Tests.csproj", "{02E8C14F-3B9B-47D8-9D02-BCD5B2E62DB5}"
EndProject
Global
	GlobalSection(SolutionConfigurationPlatforms) = preSolution
		Debug|Any CPU = Debug|Any CPU
		Release|Any CPU = Release|Any CPU
	EndGlobalSection
	GlobalSection(ProjectConfigurationPlatforms) = postSolution
		{EAEB9FE1-42D3-478B-ADF7-FD6E7E3D87ED}.Debug|Any CPU.ActiveCfg = Debug|Any CPU
		{EAEB9FE1-42D3-478B-ADF7-FD6E7E3D87ED}.Debug|Any CPU.Build.0 = Debug|Any CPU
		{EAEB9FE1-42D3-478B-ADF7-FD6E7E3D87ED}.Release|Any CPU.ActiveCfg = Release|Any CPU
		{EAEB9FE1-42D3-478B-ADF7-FD6E7E3D87ED}.Release|Any CPU.Build.0 = Release|Any CPU
		{A0142396-9B92-4B34-96EE-276A2BD37CD1}.Debug|Any CPU.ActiveCfg = Debug|Any CPU
		{A0142396-9B92-4B34-96EE-276A2BD37CD1}.Debug|Any CPU.Build.0 = Debug|Any CPU
		{A0142396-9B92-4B34-96EE-276A2BD37CD1}.Release|Any CPU.ActiveCfg = Release|Any CPU
		{A0142396-9B92-4B34-96EE-276A2BD37CD1}.Release|Any CPU.Build.0 = Release|Any CPU
		{9DA8E050-5204-4836-9B37-A3858FF448E3}.Debug|Any CPU.ActiveCfg = Debug|Any CPU
		{9DA8E050-5204-4836-9B37-A3858FF448E3}.Debug|Any CPU.Build.0 = Debug|Any CPU
		{9DA8E050-5204-4836-9B37-A3858FF448E3}.Release|Any CPU.ActiveCfg = Release|Any CPU
		{9DA8E050-5204-4836-9B37-A3858FF448E3}.Release|Any CPU.Build.0 = Release|Any CPU
		{5D0A790C-EB5E-4E35-80E2-BA1CA6A6271F}.Debug|Any CPU.ActiveCfg = Debug|Any CPU
		{5D0A790C-EB5E-4E35-80E2-BA1CA6A6271F}.Debug|Any CPU.Build.0 = Debug|Any CPU
		{5D0A790C-EB5E-4E35-80E2-BA1CA6A6271F}.Release|Any CPU.ActiveCfg = Release|Any CPU
		{5D0A790C-EB5E-4E35-80E2-BA1CA6A6271F}.Release|Any CPU.Build.0 = Release|Any CPU
		{02E8C14F-3B9B-47D8-9D02-BCD5B2E62DB5}.Debug|Any CPU.ActiveCfg = Debug|Any CPU
		{02E8C14F-3B9B-47D8-9D02-BCD5B2E62DB5}.Debug|Any CPU.Build.0 = Debug|Any CPU
		{02E8C14F-3B9B-47D8-9D02-BCD5B2E62DB5}.Release|Any CPU.ActiveCfg = Release|Any CPU
		{02E8C14F-3B9B-47D8-9D02-BCD5B2E62DB5}.Release|Any CPU.Build.0 = Release|Any CPU
	EndGlobalSection
	GlobalSection(NestedProjects) = preSolution
		{EAEB9FE1-42D3-478B-ADF7-FD6E7E3D87ED} = {55D7EBD4-1CDF-4302-AEFB-B6C98106A6F0}
		{6701D851-2147-41EC-B8CE-B32F99A9C81B} = {55D7EBD4-1CDF-4302-AEFB-B6C98106A6F0}
		{9DA8E050-5204-4836-9B37-A3858FF448E3} = {6701D851-2147-41EC-B8CE-B32F99A9C81B}
		{A0142396-9B92-4B34-96EE-276A2BD37CD1} = {6701D851-2147-41EC-B8CE-B32F99A9C81B}
		{F31991F8-9276-4504-B5F3-8CB09C33F864} = {55D7EBD4-1CDF-4302-AEFB-B6C98106A6F0}
		{5D0A790C-EB5E-4E35-80E2-BA1CA6A6271F} = {F31991F8-9276-4504-B5F3-8CB09C33F864}
		{02E8C14F-3B9B-47D8-9D02-BCD5B2E62DB5} = {9F74E02A-3194-4E1A-A406-290C0A524689}
	EndGlobalSection
EndGlobal
